{
  "requires": true,
  "lockfileVersion": 1,
  "dependencies": {
    "clean-deep": {
      "version": "3.1.0",
      "resolved": "https://registry.npmjs.org/clean-deep/-/clean-deep-3.1.0.tgz",
      "integrity": "sha512-uVHIbqQ7RqIu5JOApJ6G28x0L58Uu8lt0ACOZd0EUWYxrqOgbTB4rM0/J3xFZ2ozKHQDMp2bhkhP/EM95CkYwA==",
      "requires": {
        "lodash.isempty": "^4.4.0",
        "lodash.isplainobject": "^4.0.6",
        "lodash.transform": "^4.6.0"
      }
    },
    "deep-cleaner": {
      "version": "1.2.1",
      "resolved": "https://registry.npmjs.org/deep-cleaner/-/deep-cleaner-1.2.1.tgz",
      "integrity": "sha512-/WLL2O+GnNA/t9DRagOBT7ckJnfz5wV/8TqLo5bHykcBlXPH0+PeUzd0/s2MzOQ3IiRRIFpcWVe016rCqQIhMA=="
    },
    "lodash.isempty": {
      "version": "4.4.0",
      "resolved": "https://registry.npmjs.org/lodash.isempty/-/lodash.isempty-4.4.0.tgz",
      "integrity": "sha1-b4bL7di+TsmHvpqvM8loTbGzHn4="
    },
    "lodash.isplainobject": {
      "version": "4.0.6",
      "resolved": "https://registry.npmjs.org/lodash.isplainobject/-/lodash.isplainobject-4.0.6.tgz",
      "integrity": "sha1-fFJqUtibRcRcxpC4gWO+BJf1UMs="
    },
    "lodash.transform": {
      "version": "4.6.0",
      "resolved": "https://registry.npmjs.org/lodash.transform/-/lodash.transform-4.6.0.tgz",
      "integrity": "sha1-EjBkIvYzJK7YSD0/ODMrX2cFR6A="
    }
  }
}
