{
  "name": "js-object-cleaning-performance-compare",
  "version": "1.0.0",
  "lockfileVersion": 3,
  "requires": true,
  "packages": {
    "": {
      "name": "js-object-cleaning-performance-compare",
      "version": "1.0.0",
      "license": "ISC",
      "dependencies": {
        "clean-deep": "^3.4.0",
        "deep-cleaner": "^2.0.0-alpha.3",
        "fast-clean": "^1.5.2",
        "perf_hooks": "^0.0.1"
      }
    },
    "node_modules/clean-deep": {
      "version": "3.4.0",
      "resolved": "https://registry.npmjs.org/clean-deep/-/clean-deep-3.4.0.tgz",
      "integrity": "sha512-Lo78NV5ItJL/jl+B5w0BycAisaieJGXK1qYi/9m4SjR8zbqmrUtO7Yhro40wEShGmmxs/aJLI/A+jNhdkXK8mw==",
      "license": "MIT",
      "dependencies": {
        "lodash.isempty": "^4.4.0",
        "lodash.isplainobject": "^4.0.6",
        "lodash.transform": "^4.6.0"
      },
      "engines": {
        "node": ">=4"
      }
    },
    "node_modules/deep-cleaner": {
      "version": "2.0.0-alpha.3",
      "resolved": "https://registry.npmjs.org/deep-cleaner/-/deep-cleaner-2.0.0-alpha.3.tgz",
      "integrity": "sha512-tLq5iQgMRMO41CEBzOwSCrAu75u521RrGM5rBvCYQ37jB/SV7Cgk+FmmnE55RYgev/rku7s3mrpZ3MADS7sUrg==",
      "license": "MIT",
      "dependencies": {
        "lodash": "^4.17.21",
        "type-fest": "^2.19.0"
      }
    },
    "node_modules/fast-clean": {
      "version": "1.5.2",
      "resolved": "https://registry.npmjs.org/fast-clean/-/fast-clean-1.5.2.tgz",
      "integrity": "sha512-duTNn1smGQPPZ6gZOoTpLUZHMTii9cW8DqcvXzSzuL76G/w6Qti2UMWVESbQ1bgZH5QSLgD/t8UwaKNBglnAtg==",
      "license": "ISC",
      "engines": {
        "node": ">=14"
      }
    },
    "node_modules/lodash": {
      "version": "4.17.21",
      "resolved": "https://registry.npmjs.org/lodash/-/lodash-4.17.21.tgz",
      "integrity": "sha512-v2kDEe57lecTulaDIuNTPy3Ry4gLGJ6Z1O3vE1krgXZNrsQ+LFTGHVxVjcXPs17LhbZVGedAJv8XZ1tvj5FvSg==",
      "license": "MIT"
    },
    "node_modules/lodash.isempty": {
      "version": "4.4.0",
      "resolved": "https://registry.npmjs.org/lodash.isempty/-/lodash.isempty-4.4.0.tgz",
      "integrity": "sha512-oKMuF3xEeqDltrGMfDxAPGIVMSSRv8tbRSODbrs4KGsRRLEhrW8N8Rd4DRgB2+621hY8A8XwwrTVhXWpxFvMzg==",
      "license": "MIT"
    },
    "node_modules/lodash.isplainobject": {
      "version": "4.0.6",
      "resolved": "https://registry.npmjs.org/lodash.isplainobject/-/lodash.isplainobject-4.0.6.tgz",
      "integrity": "sha512-oSXzaWypCMHkPC3NvBEaPHf0KsA5mvPrOPgQWDsbg8n7orZ290M0BmC/jgRZ4vcJ6DTAhjrsSYgdsW/F+MFOBA==",
      "license": "MIT"
    },
    "node_modules/lodash.transform": {
      "version": "4.6.0",
      "resolved": "https://registry.npmjs.org/lodash.transform/-/lodash.transform-4.6.0.tgz",
      "integrity": "sha512-LO37ZnhmBVx0GvOU/caQuipEh4GN82TcWv3yHlebGDgOxbxiwwzW5Pcx2AcvpIv2WmvmSMoC492yQFNhy/l/UQ==",
      "license": "MIT"
    },
    "node_modules/perf_hooks": {
      "version": "0.0.1",
      "resolved": "https://registry.npmjs.org/perf_hooks/-/perf_hooks-0.0.1.tgz",
      "integrity": "sha512-qG/D9iA4KDme+KF4vCObJy6Bouu3BlQnmJ8jPydVPm32NJBD9ZK1ZNgXSYaZKHkVC1sKSqUiLgFvAZPUiIEnBw==",
      "license": "MIT"
    },
    "node_modules/type-fest": {
      "version": "2.19.0",
      "resolved": "https://registry.npmjs.org/type-fest/-/type-fest-2.19.0.tgz",
      "integrity": "sha512-RAH822pAdBgcNMAfWnCBU3CFZcfZ/i1eZjwFU/dsLKumyuuP3niueg2UAukXYF0E2AAoc82ZSSf9J0WQBinzHA==",
      "license": "(MIT OR CC0-1.0)",
      "engines": {
        "node": ">=12.20"
      },
      "funding": {
        "url": "https://github.com/sponsors/sindresorhus"
      }
    }
  }
}
